
Microsoft Visual Studio Solution File, Format Version 12.00
# Visual Studio Version 16
VisualStudioVersion = 16.0.30320.27
MinimumVisualStudioVersion = 10.0.40219.1
Project("{FAE04EC0-301F-11D3-BF4B-00C04F79EFBC}") = "OOP_concept", "OOP_concept.csproj", "{52E35CFB-A9C6-4282-8C10-F938D0704909}"
EndProject
Global
	GlobalSection(SolutionConfigurationPlatforms) = preSolution
		Debug|Any CPU = Debug|Any CPU
		Release|Any CPU = Release|Any CPU
	EndGlobalSection
	GlobalSection(ProjectConfigurationPlatforms) = postSolution
		{52E35CFB-A9C6-4282-8C10-F938D0704909}.Debug|Any CPU.ActiveCfg = Debug|Any CPU
		{52E35CFB-A9C6-4282-8C10-F938D0704909}.Debug|Any CPU.Build.0 = Debug|Any CPU
		{52E35CFB-A9C6-4282-8C10-F938D0704909}.Release|Any CPU.ActiveCfg = Release|Any CPU
		{52E35CFB-A9C6-4282-8C10-F938D0704909}.Release|Any CPU.Build.0 = Release|Any CPU
	EndGlobalSection
	GlobalSection(SolutionProperties) = preSolution
		HideSolutionNode = FALSE
	EndGlobalSection
	GlobalSection(ExtensibilityGlobals) = postSolution
		SolutionGuid = {4F367D43-BE95-471A-9901-45BE49980155}
	EndGlobalSection
EndGlobal
